// !$*UTF8*$!
{
	archiveVersion = 1;
	classes = {
	};
	objectVersion = 46;
	objects = {

/* Begin PBXBuildFile section */
		38D74A2F1F64354F008E5A15 /* AppDelegate.swift in Sources */ = {isa = PBXBuildFile; fileRef = 38D74A2E1F64354F008E5A15 /* AppDelegate.swift */; };
		38D74A311F64354F008E5A15 /* ViewController.swift in Sources */ = {isa = PBXBuildFile; fileRef = 38D74A301F64354F008E5A15 /* ViewController.swift */; };
		38D74A341F64354F008E5A15 /* Main.storyboard in Resources */ = {isa = PBXBuildFile; fileRef = 38D74A321F64354F008E5A15 /* Main.storyboard */; };
		38D74A361F64354F008E5A15 /* Assets.xcassets in Resources */ = {isa = PBXBuildFile; fileRef = 38D74A351F64354F008E5A15 /* Assets.xcassets */; };
		38D74A391F64354F008E5A15 /* LaunchScreen.storyboard in Resources */ = {isa = PBXBuildFile; fileRef = 38D74A371F64354F008E5A15 /* LaunchScreen.storyboard */; };
		38D74A441F64354F008E5A15 /* hostTests.swift in Sources */ = {isa = PBXBuildFile; fileRef = 38D74A431F64354F008E5A15 /* hostTests.swift */; };
		38D74A4F1F64354F008E5A15 /* hostUITests.swift in Sources */ = {isa = PBXBuildFile; fileRef = 38D74A4E1F64354F008E5A15 /* hostUITests.swift */; };
		38D74A5D1F65735D008E5A15 /* 512x512.jpg in Resources */ = {isa = PBXBuildFile; fileRef = 38D74A5C1F65735D008E5A15 /* 512x512.jpg */; };
/* End PBXBuildFile section */

/* Begin PBXContainerItemProxy section */
		38D74A401F64354F008E5A15 /* PBXContainerItemProxy */ = {
			isa = PBXContainerItemProxy;
			containerPortal = 38D74A231F64354F008E5A15 /* Project object */;
			proxyType = 1;
			remoteGlobalIDString = 38D74A2A1F64354F008E5A15;
			remoteInfo = host;
		};
		38D74A4B1F64354F008E5A15 /* PBXContainerItemProxy */ = {
			isa = PBXContainerItemProxy;
			containerPortal = 38D74A231F64354F008E5A15 /* Project object */;
			proxyType = 1;
			remoteGlobalIDString = 38D74A2A1F64354F008E5A15;
			remoteInfo = host;
		};
/* End PBXContainerItemProxy section */

/* Begin PBXFileReference section */
		38D74A2B1F64354F008E5A15 /* host.app */ = {isa = PBXFileReference; explicitFileType = wrapper.application; includeInIndex = 0; path = host.app; sourceTree = BUILT_PRODUCTS_DIR; };
		38D74A2E1F64354F008E5A15 /* AppDelegate.swift */ = {isa = PBXFileReference; lastKnownFileType = sourcecode.swift; path = AppDelegate.swift; sourceTree = "<group>"; };
		38D74A301F64354F008E5A15 /* ViewController.swift */ = {isa = PBXFileReference; lastKnownFileType = sourcecode.swift; path = ViewController.swift; sourceTree = "<group>"; };
		38D74A331F64354F008E5A15 /* Base */ = {isa = PBXFileReference; lastKnownFileType = file.storyboard; name = Base; path = Base.lproj/Main.storyboard; sourceTree = "<group>"; };
		38D74A351F64354F008E5A15 /* Assets.xcassets */ = {isa = PBXFileReference; lastKnownFileType = folder.assetcatalog; path = Assets.xcassets; sourceTree = "<group>"; };
		38D74A381F64354F008E5A15 /* Base */ = {isa = PBXFileReference; lastKnownFileType = file.storyboard; name = Base; path = Base.lproj/LaunchScreen.storyboard; sourceTree = "<group>"; };
		38D74A3A1F64354F008E5A15 /* Info.plist */ = {isa = PBXFileReference; lastKnownFileType = text.plist.xml; path = Info.plist; sourceTree = "<group>"; };
		38D74A3F1F64354F008E5A15 /* hostTests.xctest */ = {isa = PBXFileReference; explicitFileType = wrapper.cfbundle; includeInIndex = 0; path = hostTests.xctest; sourceTree = BUILT_PRODUCTS_DIR; };
		38D74A431F64354F008E5A15 /* hostTests.swift */ = {isa = PBXFileReference; lastKnownFileType = sourcecode.swift; path = hostTests.swift; sourceTree = "<group>"; };
		38D74A451F64354F008E5A15 /* Info.plist */ = {isa = PBXFileReference; lastKnownFileType = text.plist.xml; path = Info.plist; sourceTree = "<group>"; };
		38D74A4A1F64354F008E5A15 /* hostUITests.xctest */ = {isa = PBXFileReference; explicitFileType = wrapper.cfbundle; includeInIndex = 0; path = hostUITests.xctest; sourceTree = BUILT_PRODUCTS_DIR; };
		38D74A4E1F64354F008E5A15 /* hostUITests.swift */ = {isa = PBXFileReference; lastKnownFileType = sourcecode.swift; path = hostUITests.swift; sourceTree = "<group>"; };
		38D74A501F64354F008E5A15 /* Info.plist */ = {isa = PBXFileReference; lastKnownFileType = text.plist.xml; path = Info.plist; sourceTree = "<group>"; };
		38D74A5C1F65735D008E5A15 /* 512x512.jpg */ = {isa = PBXFileReference; lastKnownFileType = image.jpeg; name = 512x512.jpg; path = Assets/512x512.jpg; sourceTree = "<group>"; };
/* End PBXFileReference section */

/* Begin PBXFrameworksBuildPhase section */
		38D74A281F64354F008E5A15 /* Frameworks */ = {
			isa = PBXFrameworksBuildPhase;
			buildActionMask = 2147483647;
			files = (
			);
			runOnlyForDeploymentPostprocessing = 0;
		};
		38D74A3C1F64354F008E5A15 /* Frameworks */ = {
			isa = PBXFrameworksBuildPhase;
			buildActionMask = 2147483647;
			files = (
			);
			runOnlyForDeploymentPostprocessing = 0;
		};
		38D74A471F64354F008E5A15 /* Frameworks */ = {
			isa = PBXFrameworksBuildPhase;
			buildActionMask = 2147483647;
			files = (
			);
			runOnlyForDeploymentPostprocessing = 0;
		};
/* End PBXFrameworksBuildPhase section */

/* Begin PBXGroup section */
		38D74A221F64354F008E5A15 = {
			isa = PBXGroup;
			children = (
				38D74A2D1F64354F008E5A15 /* host */,
				38D74A421F64354F008E5A15 /* hostTests */,
				38D74A4D1F64354F008E5A15 /* hostUITests */,
				38D74A2C1F64354F008E5A15 /* Products */,
			);
			sourceTree = "<group>";
		};
		38D74A2C1F64354F008E5A15 /* Products */ = {
			isa = PBXGroup;
			children = (
				38D74A2B1F64354F008E5A15 /* host.app */,
				38D74A3F1F64354F008E5A15 /* hostTests.xctest */,
				38D74A4A1F64354F008E5A15 /* hostUITests.xctest */,
			);
			name = Products;
			sourceTree = "<group>";
		};
		38D74A2D1F64354F008E5A15 /* host */ = {
			isa = PBXGroup;
			children = (
				38D74A5E1F657367008E5A15 /* Assets */,
				38D74A2E1F64354F008E5A15 /* AppDelegate.swift */,
				38D74A301F64354F008E5A15 /* ViewController.swift */,
				38D74A321F64354F008E5A15 /* Main.storyboard */,
				38D74A351F64354F008E5A15 /* Assets.xcassets */,
				38D74A371F64354F008E5A15 /* LaunchScreen.storyboard */,
				38D74A3A1F64354F008E5A15 /* Info.plist */,
			);
			path = host;
			sourceTree = "<group>";
		};
		38D74A421F64354F008E5A15 /* hostTests */ = {
			isa = PBXGroup;
			children = (
				38D74A431F64354F008E5A15 /* hostTests.swift */,
				38D74A451F64354F008E5A15 /* Info.plist */,
			);
			path = hostTests;
			sourceTree = "<group>";
		};
		38D74A4D1F64354F008E5A15 /* hostUITests */ = {
			isa = PBXGroup;
			children = (
				38D74A4E1F64354F008E5A15 /* hostUITests.swift */,
				38D74A501F64354F008E5A15 /* Info.plist */,
			);
			path = hostUITests;
			sourceTree = "<group>";
		};
		38D74A5E1F657367008E5A15 /* Assets */ = {
			isa = PBXGroup;
			children = (
				38D74A5C1F65735D008E5A15 /* 512x512.jpg */,
			);
			name = Assets;
			sourceTree = "<group>";
		};
/* End PBXGroup section */

/* Begin PBXNativeTarget section */
		38D74A2A1F64354F008E5A15 /* host */ = {
			isa = PBXNativeTarget;
			buildConfigurationList = 38D74A531F64354F008E5A15 /* Build configuration list for PBXNativeTarget "host" */;
			buildPhases = (
				38D74A271F64354F008E5A15 /* Sources */,
				38D74A281F64354F008E5A15 /* Frameworks */,
				38D74A291F64354F008E5A15 /* Resources */,
			);
			buildRules = (
			);
			dependencies = (
			);
			name = host;
			productName = host;
			productReference = 38D74A2B1F64354F008E5A15 /* host.app */;
			productType = "com.apple.product-type.application";
		};
		38D74A3E1F64354F008E5A15 /* hostTests */ = {
			isa = PBXNativeTarget;
			buildConfigurationList = 38D74A561F64354F008E5A15 /* Build configuration list for PBXNativeTarget "hostTests" */;
			buildPhases = (
				38D74A3B1F64354F008E5A15 /* Sources */,
				38D74A3C1F64354F008E5A15 /* Frameworks */,
				38D74A3D1F64354F008E5A15 /* Resources */,
			);
			buildRules = (
			);
			dependencies = (
				38D74A411F64354F008E5A15 /* PBXTargetDependency */,
			);
			name = hostTests;
			productName = hostTests;
			productReference = 38D74A3F1F64354F008E5A15 /* hostTests.xctest */;
			productType = "com.apple.product-type.bundle.unit-test";
		};
		38D74A491F64354F008E5A15 /* hostUITests */ = {
			isa = PBXNativeTarget;
			buildConfigurationList = 38D74A591F64354F008E5A15 /* Build configuration list for PBXNativeTarget "hostUITests" */;
			buildPhases = (
				38D74A461F64354F008E5A15 /* Sources */,
				38D74A471F64354F008E5A15 /* Frameworks */,
				38D74A481F64354F008E5A15 /* Resources */,
			);
			buildRules = (
			);
			dependencies = (
				38D74A4C1F64354F008E5A15 /* PBXTargetDependency */,
			);
			name = hostUITests;
			productName = hostUITests;
			productReference = 38D74A4A1F64354F008E5A15 /* hostUITests.xctest */;
			productType = "com.apple.product-type.bundle.ui-testing";
		};
/* End PBXNativeTarget section */

/* Begin PBXProject section */
		38D74A231F64354F008E5A15 /* Project object */ = {
			isa = PBXProject;
			attributes = {
				LastSwiftUpdateCheck = 0830;
				LastUpgradeCheck = 0830;
				ORGANIZATIONNAME = "Rik Watson";
				TargetAttributes = {
					38D74A2A1F64354F008E5A15 = {
						CreatedOnToolsVersion = 8.3.3;
						DevelopmentTeam = 235PB64AWP;
						ProvisioningStyle = Automatic;
					};
					38D74A3E1F64354F008E5A15 = {
						CreatedOnToolsVersion = 8.3.3;
						DevelopmentTeam = 235PB64AWP;
						ProvisioningStyle = Automatic;
						TestTargetID = 38D74A2A1F64354F008E5A15;
					};
					38D74A491F64354F008E5A15 = {
						CreatedOnToolsVersion = 8.3.3;
						DevelopmentTeam = 235PB64AWP;
						ProvisioningStyle = Automatic;
						TestTargetID = 38D74A2A1F64354F008E5A15;
					};
				};
			};
			buildConfigurationList = 38D74A261F64354F008E5A15 /* Build configuration list for PBXProject "host" */;
			compatibilityVersion = "Xcode 3.2";
			developmentRegion = English;
			hasScannedForEncodings = 0;
			knownRegions = (
				en,
				Base,
			);
			mainGroup = 38D74A221F64354F008E5A15;
			productRefGroup = 38D74A2C1F64354F008E5A15 /* Products */;
			projectDirPath = "";
			projectRoot = "";
			targets = (
				38D74A2A1F64354F008E5A15 /* host */,
				38D74A3E1F64354F008E5A15 /* hostTests */,
				38D74A491F64354F008E5A15 /* hostUITests */,
			);
		};
/* End PBXProject section */

/* Begin PBXResourcesBuildPhase section */
		38D74A291F64354F008E5A15 /* Resources */ = {
			isa = PBXResourcesBuildPhase;
			buildActionMask = 2147483647;
			files = (
				38D74A391F64354F008E5A15 /* LaunchScreen.storyboard in Resources */,
				38D74A361F64354F008E5A15 /* Assets.xcassets in Resources */,
				38D74A5D1F65735D008E5A15 /* 512x512.jpg in Resources */,
				38D74A341F64354F008E5A15 /* Main.storyboard in Resources */,
			);
			runOnlyForDeploymentPostprocessing = 0;
		};
		38D74A3D1F64354F008E5A15 /* Resources */ = {
			isa = PBXResourcesBuildPhase;
			buildActionMask = 2147483647;
			files = (
			);
			runOnlyForDeploymentPostprocessing = 0;
		};
		38D74A481F64354F008E5A15 /* Resources */ = {
			isa = PBXResourcesBuildPhase;
			buildActionMask = 2147483647;
			files = (
			);
			runOnlyForDeploymentPostprocessing = 0;
		};
/* End PBXResourcesBuildPhase section */

/* Begin PBXSourcesBuildPhase section */
		38D74A271F64354F008E5A15 /* Sources */ = {
			isa = PBXSourcesBuildPhase;
			buildActionMask = 2147483647;
			files = (
				38D74A311F64354F008E5A15 /* ViewController.swift in Sources */,
				38D74A2F1F64354F008E5A15 /* AppDelegate.swift in Sources */,
			);
			runOnlyForDeploymentPostprocessing = 0;
		};
		38D74A3B1F64354F008E5A15 /* Sources */ = {
			isa = PBXSourcesBuildPhase;
			buildActionMask = 2147483647;
			files = (
				38D74A441F64354F008E5A15 /* hostTests.swift in Sources */,
			);
			runOnlyForDeploymentPostprocessing = 0;
		};
		38D74A461F64354F008E5A15 /* Sources */ = {
			isa = PBXSourcesBuildPhase;
			buildActionMask = 2147483647;
			files = (
				38D74A4F1F64354F008E5A15 /* hostUITests.swift in Sources */,
			);
			runOnlyForDeploymentPostprocessing = 0;
		};
/* End PBXSourcesBuildPhase section */

/* Begin PBXTargetDependency section */
		38D74A411F64354F008E5A15 /* PBXTargetDependency */ = {
			isa = PBXTargetDependency;
			target = 38D74A2A1F64354F008E5A15 /* host */;
			targetProxy = 38D74A401F64354F008E5A15 /* PBXContainerItemProxy */;
		};
		38D74A4C1F64354F008E5A15 /* PBXTargetDependency */ = {
			isa = PBXTargetDependency;
			target = 38D74A2A1F64354F008E5A15 /* host */;
			targetProxy = 38D74A4B1F64354F008E5A15 /* PBXContainerItemProxy */;
		};
/* End PBXTargetDependency section */

/* Begin PBXVariantGroup section */
		38D74A321F64354F008E5A15 /* Main.storyboard */ = {
			isa = PBXVariantGroup;
			children = (
				38D74A331F64354F008E5A15 /* Base */,
			);
			name = Main.storyboard;
			sourceTree = "<group>";
		};
		38D74A371F64354F008E5A15 /* LaunchScreen.storyboard */ = {
			isa = PBXVariantGroup;
			children = (
				38D74A381F64354F008E5A15 /* Base */,
			);
			name = LaunchScreen.storyboard;
			sourceTree = "<group>";
		};
/* End PBXVariantGroup section */

/* Begin XCBuildConfiguration section */
		38D74A511F64354F008E5A15 /* Debug */ = {
			isa = XCBuildConfiguration;
			buildSettings = {
				ALWAYS_SEARCH_USER_PATHS = NO;
				CLANG_ANALYZER_NONNULL = YES;
				CLANG_ANALYZER_NUMBER_OBJECT_CONVERSION = YES_AGGRESSIVE;
				CLANG_CXX_LANGUAGE_STANDARD = "gnu++0x";
				CLANG_CXX_LIBRARY = "libc++";
				CLANG_ENABLE_MODULES = YES;
				CLANG_ENABLE_OBJC_ARC = YES;
				CLANG_WARN_BOOL_CONVERSION = YES;
				CLANG_WARN_CONSTANT_CONVERSION = YES;
				CLANG_WARN_DIRECT_OBJC_ISA_USAGE = YES_ERROR;
				CLANG_WARN_DOCUMENTATION_COMMENTS = YES;
				CLANG_WARN_EMPTY_BODY = YES;
				CLANG_WARN_ENUM_CONVERSION = YES;
				CLANG_WARN_INFINITE_RECURSION = YES;
				CLANG_WARN_INT_CONVERSION = YES;
				CLANG_WARN_OBJC_ROOT_CLASS = YES_ERROR;
				CLANG_WARN_SUSPICIOUS_MOVE = YES;
				CLANG_WARN_UNREACHABLE_CODE = YES;
				CLANG_WARN__DUPLICATE_METHOD_MATCH = YES;
				"CODE_SIGN_IDENTITY[sdk=iphoneos*]" = "iPhone Developer";
				COPY_PHASE_STRIP = NO;
				DEBUG_INFORMATION_FORMAT = dwarf;
				ENABLE_STRICT_OBJC_MSGSEND = YES;
				ENABLE_TESTABILITY = YES;
				GCC_C_LANGUAGE_STANDARD = gnu99;
				GCC_DYNAMIC_NO_PIC = NO;
				GCC_NO_COMMON_BLOCKS = YES;
				GCC_OPTIMIZATION_LEVEL = 0;
				GCC_PREPROCESSOR_DEFINITIONS = (
					"DEBUG=1",
					"$(inherited)",
				);
				GCC_WARN_64_TO_32_BIT_CONVERSION = YES;
				GCC_WARN_ABOUT_RETURN_TYPE = YES_ERROR;
				GCC_WARN_UNDECLARED_SELECTOR = YES;
				GCC_WARN_UNINITIALIZED_AUTOS = YES_AGGRESSIVE;
				GCC_WARN_UNUSED_FUNCTION = YES;
				GCC_WARN_UNUSED_VARIABLE = YES;
				IPHONEOS_DEPLOYMENT_TARGET = 10.3;
				MTL_ENABLE_DEBUG_INFO = YES;
				ONLY_ACTIVE_ARCH = YES;
				SDKROOT = iphoneos;
				SWIFT_ACTIVE_COMPILATION_CONDITIONS = DEBUG;
				SWIFT_OPTIMIZATION_LEVEL = "-Onone";
				TARGETED_DEVICE_FAMILY = "1,2";
			};
			name = Debug;
		};
		38D74A521F64354F008E5A15 /* Release */ = {
			isa = XCBuildConfiguration;
			buildSettings = {
				ALWAYS_SEARCH_USER_PATHS = NO;
				CLANG_ANALYZER_NONNULL = YES;
				CLANG_ANALYZER_NUMBER_OBJECT_CONVERSION = YES_AGGRESSIVE;
				CLANG_CXX_LANGUAGE_STANDARD = "gnu++0x";
				CLANG_CXX_LIBRARY = "libc++";
				CLANG_ENABLE_MODULES = YES;
				CLANG_ENABLE_OBJC_ARC = YES;
				CLANG_WARN_BOOL_CONVERSION = YES;
				CLANG_WARN_CONSTANT_CONVERSION = YES;
				CLANG_WARN_DIRECT_OBJC_ISA_USAGE = YES_ERROR;
				CLANG_WARN_DOCUMENTATION_COMMENTS = YES;
				CLANG_WARN_EMPTY_BODY = YES;
				CLANG_WARN_ENUM_CONVERSION = YES;
				CLANG_WARN_INFINITE_RECURSION = YES;
				CLANG_WARN_INT_CONVERSION = YES;
				CLANG_WARN_OBJC_ROOT_CLASS = YES_ERROR;
				CLANG_WARN_SUSPICIOUS_MOVE = YES;
				CLANG_WARN_UNREACHABLE_CODE = YES;
				CLANG_WARN__DUPLICATE_METHOD_MATCH = YES;
				"CODE_SIGN_IDENTITY[sdk=iphoneos*]" = "iPhone Developer";
				COPY_PHASE_STRIP = NO;
				DEBUG_INFORMATION_FORMAT = "dwarf-with-dsym";
				ENABLE_NS_ASSERTIONS = NO;
				ENABLE_STRICT_OBJC_MSGSEND = YES;
				GCC_C_LANGUAGE_STANDARD = gnu99;
				GCC_NO_COMMON_BLOCKS = YES;
				GCC_WARN_64_TO_32_BIT_CONVERSION = YES;
				GCC_WARN_ABOUT_RETURN_TYPE = YES_ERROR;
				GCC_WARN_UNDECLARED_SELECTOR = YES;
				GCC_WARN_UNINITIALIZED_AUTOS = YES_AGGRESSIVE;
				GCC_WARN_UNUSED_FUNCTION = YES;
				GCC_WARN_UNUSED_VARIABLE = YES;
				IPHONEOS_DEPLOYMENT_TARGET = 10.3;
				MTL_ENABLE_DEBUG_INFO = NO;
				SDKROOT = iphoneos;
				SWIFT_OPTIMIZATION_LEVEL = "-Owholemodule";
				TARGETED_DEVICE_FAMILY = "1,2";
				VALIDATE_PRODUCT = YES;
			};
			name = Release;
		};
		38D74A541F64354F008E5A15 /* Debug */ = {
			isa = XCBuildConfiguration;
			buildSettings = {
				ASSETCATALOG_COMPILER_APPICON_NAME = AppIcon;
				DEVELOPMENT_TEAM = 235PB64AWP;
				INFOPLIST_FILE = host/Info.plist;
				LD_RUNPATH_SEARCH_PATHS = "$(inherited) @executable_path/Frameworks";
				PRODUCT_BUNDLE_IDENTIFIER = com.plancd.host;
				PRODUCT_NAME = "$(TARGET_NAME)";
				SWIFT_VERSION = 3.0;
			};
			name = Debug;
		};
		38D74A551F64354F008E5A15 /* Release */ = {
			isa = XCBuildConfiguration;
			buildSettings = {
				ASSETCATALOG_COMPILER_APPICON_NAME = AppIcon;
				DEVELOPMENT_TEAM = 235PB64AWP;
				INFOPLIST_FILE = host/Info.plist;
				LD_RUNPATH_SEARCH_PATHS = "$(inherited) @executable_path/Frameworks";
				PRODUCT_BUNDLE_IDENTIFIER = com.plancd.host;
				PRODUCT_NAME = "$(TARGET_NAME)";
				SWIFT_VERSION = 3.0;
			};
			name = Release;
		};
		38D74A571F64354F008E5A15 /* Debug */ = {
			isa = XCBuildConfiguration;
			buildSettings = {
				ALWAYS_EMBED_SWIFT_STANDARD_LIBRARIES = YES;
				BUNDLE_LOADER = "$(TEST_HOST)";
				DEVELOPMENT_TEAM = 235PB64AWP;
				INFOPLIST_FILE = hostTests/Info.plist;
				LD_RUNPATH_SEARCH_PATHS = "$(inherited) @executable_path/Frameworks @loader_path/Frameworks";
				PRODUCT_BUNDLE_IDENTIFIER = com.plancd.hostTests;
				PRODUCT_NAME = "$(TARGET_NAME)";
				SWIFT_VERSION = 3.0;
				TEST_HOST = "$(BUILT_PRODUCTS_DIR)/host.app/host";
			};
			name = Debug;
		};
		38D74A581F64354F008E5A15 /* Release */ = {
			isa = XCBuildConfiguration;
			buildSettings = {
				ALWAYS_EMBED_SWIFT_STANDARD_LIBRARIES = YES;
				BUNDLE_LOADER = "$(TEST_HOST)";
				DEVELOPMENT_TEAM = 235PB64AWP;
				INFOPLIST_FILE = hostTests/Info.plist;
				LD_RUNPATH_SEARCH_PATHS = "$(inherited) @executable_path/Frameworks @loader_path/Frameworks";
				PRODUCT_BUNDLE_IDENTIFIER = com.plancd.hostTests;
				PRODUCT_NAME = "$(TARGET_NAME)";
				SWIFT_VERSION = 3.0;
				TEST_HOST = "$(BUILT_PRODUCTS_DIR)/host.app/host";
			};
			name = Release;
		};
		38D74A5A1F64354F008E5A15 /* Debug */ = {
			isa = XCBuildConfiguration;
			buildSettings = {
				ALWAYS_EMBED_SWIFT_STANDARD_LIBRARIES = YES;
				DEVELOPMENT_TEAM = 235PB64AWP;
				INFOPLIST_FILE = hostUITests/Info.plist;
				LD_RUNPATH_SEARCH_PATHS = "$(inherited) @executable_path/Frameworks @loader_path/Frameworks";
				PRODUCT_BUNDLE_IDENTIFIER = com.plancd.hostUITests;
				PRODUCT_NAME = "$(TARGET_NAME)";
				SWIFT_VERSION = 3.0;
				TEST_TARGET_NAME = host;
			};
			name = Debug;
		};
		38D74A5B1F64354F008E5A15 /* Release */ = {
			isa = XCBuildConfiguration;
			buildSettings = {
				ALWAYS_EMBED_SWIFT_STANDARD_LIBRARIES = YES;
				DEVELOPMENT_TEAM = 235PB64AWP;
				INFOPLIST_FILE = hostUITests/Info.plist;
				LD_RUNPATH_SEARCH_PATHS = "$(inherited) @executable_path/Frameworks @loader_path/Frameworks";
				PRODUCT_BUNDLE_IDENTIFIER = com.plancd.hostUITests;
				PRODUCT_NAME = "$(TARGET_NAME)";
				SWIFT_VERSION = 3.0;
				TEST_TARGET_NAME = host;
			};
			name = Release;
		};
/* End XCBuildConfiguration section */

/* Begin XCConfigurationList section */
		38D74A261F64354F008E5A15 /* Build configuration list for PBXProject "host" */ = {
			isa = XCConfigurationList;
			buildConfigurations = (
				38D74A511F64354F008E5A15 /* Debug */,
				38D74A521F64354F008E5A15 /* Release */,
			);
			defaultConfigurationIsVisible = 0;
			defaultConfigurationName = Release;
		};
		38D74A531F64354F008E5A15 /* Build configuration list for PBXNativeTarget "host" */ = {
			isa = XCConfigurationList;
			buildConfigurations = (
				38D74A541F64354F008E5A15 /* Debug */,
				38D74A551F64354F008E5A15 /* Release */,
			);
			defaultConfigurationIsVisible = 0;
			defaultConfigurationName = Release;
		};
		38D74A561F64354F008E5A15 /* Build configuration list for PBXNativeTarget "hostTests" */ = {
			isa = XCConfigurationList;
			buildConfigurations = (
				38D74A571F64354F008E5A15 /* Debug */,
				38D74A581F64354F008E5A15 /* Release */,
			);
			defaultConfigurationIsVisible = 0;
			defaultConfigurationName = Release;
		};
		38D74A591F64354F008E5A15 /* Build configuration list for PBXNativeTarget "hostUITests" */ = {
			isa = XCConfigurationList;
			buildConfigurations = (
				38D74A5A1F64354F008E5A15 /* Debug */,
				38D74A5B1F64354F008E5A15 /* Release */,
			);
			defaultConfigurationIsVisible = 0;
			defaultConfigurationName = Release;
		};
/* End XCConfigurationList section */
	};
	rootObject = 38D74A231F64354F008E5A15 /* Project object */;
}
